
Microsoft Visual Studio Solution File, Format Version 12.00
# Visual Studio Version 17
VisualStudioVersion = 17.5.33424.131
MinimumVisualStudioVersion = 10.0.40219.1
Project("{9A19103F-16F7-4668-BE54-9A1E7A4F7556}") = "CoffeeShopAPI3", "CoffeeShopAPI3\CoffeeShopAPI3.csproj", "{1224048E-FB6F-424B-8826-BB6C967401B3}"
EndProject
Project("{FAE04EC0-301F-11D3-BF4B-00C04F79EFBC}") = "MVCCoffeeShop", "MVCCoffeeShop\MVCCoffeeShop.csproj", "{11204113-6F9F-4EE6-831D-1417745FC2A4}"
EndProject
Global
	GlobalSection(SolutionConfigurationPlatforms) = preSolution
		Debug|Any CPU = Debug|Any CPU
		Release|Any CPU = Release|Any CPU
	EndGlobalSection
	GlobalSection(ProjectConfigurationPlatforms) = postSolution
		{1224048E-FB6F-424B-8826-BB6C967401B3}.Debug|Any CPU.ActiveCfg = Debug|Any CPU
		{1224048E-FB6F-424B-8826-BB6C967401B3}.Debug|Any CPU.Build.0 = Debug|Any CPU
		{1224048E-FB6F-424B-8826-BB6C967401B3}.Release|Any CPU.ActiveCfg = Release|Any CPU
		{1224048E-FB6F-424B-8826-BB6C967401B3}.Release|Any CPU.Build.0 = Release|Any CPU
		{11204113-6F9F-4EE6-831D-1417745FC2A4}.Debug|Any CPU.ActiveCfg = Debug|Any CPU
		{11204113-6F9F-4EE6-831D-1417745FC2A4}.Debug|Any CPU.Build.0 = Debug|Any CPU
		{11204113-6F9F-4EE6-831D-1417745FC2A4}.Release|Any CPU.ActiveCfg = Release|Any CPU
		{11204113-6F9F-4EE6-831D-1417745FC2A4}.Release|Any CPU.Build.0 = Release|Any CPU
	EndGlobalSection
	GlobalSection(SolutionProperties) = preSolution
		HideSolutionNode = FALSE
	EndGlobalSection
	GlobalSection(ExtensibilityGlobals) = postSolution
		SolutionGuid = {1B4C5ECD-AEC1-477C-A2FB-B885A5BBAB3F}
	EndGlobalSection
EndGlobal
